{
  "version": 4,
  "terraform_version": "1.10.2",
  "serial": 178,
  "lineage": "0372a0ff-cabf-3f0f-e3bc-9db61214fb5f",
  "outputs": {
    "load_balancer_dns": {
      "value": "mean-lb-2082257403.us-west-2.elb.amazonaws.com",
      "type": "string"
    },
    "nat_gateway_public_ip": {
      "value": "54.187.210.161",
      "type": "string"
    },
    "private_ips": {
      "value": [
        "10.0.0.253",
        "10.0.1.143"
      ],
      "type": [
        "tuple",
        [
          "string",
          "string"
        ]
      ]
    },
    "public_ips": {
      "value": [
        "34.222.34.63",
        "35.163.63.183"
      ],
      "type": [
        "tuple",
        [
          "string",
          "string"
        ]
      ]
    }
  },
  "resources": [
    {
      "module": "module.ec2_instance",
      "mode": "managed",
      "type": "aws_instance",
      "name": "mongo_instance",
      "provider": "provider[\"registry.terraform.io/hashicorp/aws\"]",
      "instances": [
        {
          "schema_version": 1,
          "attributes": {
            "ami": "ami-009481e86e1cf9343",
            "arn": "arn:aws:ec2:us-west-2:618135679567:instance/i-0779ac410b96f302a",
            "associate_public_ip_address": true,
            "availability_zone": "us-west-2b",
            "capacity_reservation_specification": [
              {
                "capacity_reservation_preference": "open",
                "capacity_reservation_target": []
              }
            ],
            "cpu_core_count": 1,
            "cpu_options": [
              {
                "amd_sev_snp": "",
                "core_count": 1,
                "threads_per_core": 1
              }
            ],
            "cpu_threads_per_core": 1,
            "credit_specification": [
              {
                "cpu_credits": "standard"
              }
            ],
            "disable_api_stop": false,
            "disable_api_termination": false,
            "ebs_block_device": [],
            "ebs_optimized": false,
            "enable_primary_ipv6": null,
            "enclave_options": [
              {
                "enabled": false
              }
            ],
            "ephemeral_block_device": [],
            "get_password_data": false,
            "hibernation": false,
            "host_id": "",
            "host_resource_group_arn": null,
            "iam_instance_profile": "",
            "id": "i-0779ac410b96f302a",
            "instance_initiated_shutdown_behavior": "stop",
            "instance_lifecycle": "",
            "instance_market_options": [],
            "instance_state": "running",
            "instance_type": "t2.micro",
            "ipv6_address_count": 0,
            "ipv6_addresses": [],
            "key_name": "packer-aws-key",
            "launch_template": [],
            "maintenance_options": [
              {
                "auto_recovery": "default"
              }
            ],
            "metadata_options": [
              {
                "http_endpoint": "enabled",
                "http_protocol_ipv6": "disabled",
                "http_put_response_hop_limit": 1,
                "http_tokens": "optional",
                "instance_metadata_tags": "disabled"
              }
            ],
            "monitoring": false,
            "network_interface": [],
            "outpost_arn": "",
            "password_data": "",
            "placement_group": "",
            "placement_partition_number": 0,
            "primary_network_interface_id": "eni-0c39f53594c708772",
            "private_dns": "ip-10-0-1-143.us-west-2.compute.internal",
            "private_dns_name_options": [
              {
                "enable_resource_name_dns_a_record": false,
                "enable_resource_name_dns_aaaa_record": false,
                "hostname_type": "ip-name"
              }
            ],
            "private_ip": "10.0.1.143",
            "public_dns": "ec2-35-163-63-183.us-west-2.compute.amazonaws.com",
            "public_ip": "35.163.63.183",
            "root_block_device": [
              {
                "delete_on_termination": true,
                "device_name": "/dev/sda1",
                "encrypted": false,
                "iops": 100,
                "kms_key_id": "",
                "tags": {},
                "tags_all": {},
                "throughput": 0,
                "volume_id": "vol-04b60e89d7c690543",
                "volume_size": 8,
                "volume_type": "gp2"
              }
            ],
            "secondary_private_ips": [],
            "security_groups": [
              "sg-01eec71be9cc993ba"
            ],
            "source_dest_check": true,
            "spot_instance_request_id": "",
            "subnet_id": "subnet-0add5d2de99b31b57",
            "tags": {
              "Name": "MongoDB-Instance"
            },
            "tags_all": {
              "Name": "MongoDB-Instance"
            },
            "tenancy": "default",
            "timeouts": null,
            "user_data": null,
            "user_data_base64": null,
            "user_data_replace_on_change": false,
            "volume_tags": null,
            "vpc_security_group_ids": [
              "sg-01eec71be9cc993ba"
            ]
          },
          "sensitive_attributes": [],
          "private": "eyJlMmJmYjczMC1lY2FhLTExZTYtOGY4OC0zNDM2M2JjN2M0YzAiOnsiY3JlYXRlIjo2MDAwMDAwMDAwMDAsImRlbGV0ZSI6MTIwMDAwMDAwMDAwMCwicmVhZCI6OTAwMDAwMDAwMDAwLCJ1cGRhdGUiOjYwMDAwMDAwMDAwMH0sInNjaGVtYV92ZXJzaW9uIjoiMSJ9",
          "dependencies": [
            "module.ec2_instance.aws_key_pair.generated_key",
            "module.ec2_instance.tls_private_key.example",
            "module.network.aws_subnet.public",
            "module.network.aws_vpc.main",
            "module.network.data.aws_availability_zones.available",
            "module.security_group.aws_security_group.mongo_sg",
            "module.security_group.aws_security_group.node_sg"
          ]
        }
      ]
    },
    {
      "module": "module.ec2_instance",
      "mode": "managed",
      "type": "aws_instance",
      "name": "node_instance",
      "provider": "provider[\"registry.terraform.io/hashicorp/aws\"]",
      "instances": [
        {
          "schema_version": 1,
          "attributes": {
            "ami": "ami-0a1aebcd68818b6d9",
            "arn": "arn:aws:ec2:us-west-2:618135679567:instance/i-04e14ddc04f20ce14",
            "associate_public_ip_address": true,
            "availability_zone": "us-west-2a",
            "capacity_reservation_specification": [
              {
                "capacity_reservation_preference": "open",
                "capacity_reservation_target": []
              }
            ],
            "cpu_core_count": 1,
            "cpu_options": [
              {
                "amd_sev_snp": "",
                "core_count": 1,
                "threads_per_core": 1
              }
            ],
            "cpu_threads_per_core": 1,
            "credit_specification": [
              {
                "cpu_credits": "standard"
              }
            ],
            "disable_api_stop": false,
            "disable_api_termination": false,
            "ebs_block_device": [],
            "ebs_optimized": false,
            "enable_primary_ipv6": null,
            "enclave_options": [
              {
                "enabled": false
              }
            ],
            "ephemeral_block_device": [],
            "get_password_data": false,
            "hibernation": false,
            "host_id": "",
            "host_resource_group_arn": null,
            "iam_instance_profile": "",
            "id": "i-04e14ddc04f20ce14",
            "instance_initiated_shutdown_behavior": "stop",
            "instance_lifecycle": "",
            "instance_market_options": [],
            "instance_state": "running",
            "instance_type": "t2.micro",
            "ipv6_address_count": 0,
            "ipv6_addresses": [],
            "key_name": "packer-aws-key",
            "launch_template": [],
            "maintenance_options": [
              {
                "auto_recovery": "default"
              }
            ],
            "metadata_options": [
              {
                "http_endpoint": "enabled",
                "http_protocol_ipv6": "disabled",
                "http_put_response_hop_limit": 1,
                "http_tokens": "optional",
                "instance_metadata_tags": "disabled"
              }
            ],
            "monitoring": false,
            "network_interface": [],
            "outpost_arn": "",
            "password_data": "",
            "placement_group": "",
            "placement_partition_number": 0,
            "primary_network_interface_id": "eni-0b864a55ef7b04483",
            "private_dns": "ip-10-0-0-253.us-west-2.compute.internal",
            "private_dns_name_options": [
              {
                "enable_resource_name_dns_a_record": false,
                "enable_resource_name_dns_aaaa_record": false,
                "hostname_type": "ip-name"
              }
            ],
            "private_ip": "10.0.0.253",
            "public_dns": "ec2-34-222-34-63.us-west-2.compute.amazonaws.com",
            "public_ip": "34.222.34.63",
            "root_block_device": [
              {
                "delete_on_termination": true,
                "device_name": "/dev/sda1",
                "encrypted": false,
                "iops": 100,
                "kms_key_id": "",
                "tags": {},
                "tags_all": {},
                "throughput": 0,
                "volume_id": "vol-0204313e749613c81",
                "volume_size": 8,
                "volume_type": "gp2"
              }
            ],
            "secondary_private_ips": [],
            "security_groups": [
              "sg-0d27f306cf89d32bd"
            ],
            "source_dest_check": true,
            "spot_instance_request_id": "",
            "subnet_id": "subnet-0b8821b86a9ad35e7",
            "tags": {
              "Name": "Node-Nginx-Instance"
            },
            "tags_all": {
              "Name": "Node-Nginx-Instance"
            },
            "tenancy": "default",
            "timeouts": null,
            "user_data": null,
            "user_data_base64": null,
            "user_data_replace_on_change": false,
            "volume_tags": null,
            "vpc_security_group_ids": [
              "sg-0d27f306cf89d32bd"
            ]
          },
          "sensitive_attributes": [],
          "private": "eyJlMmJmYjczMC1lY2FhLTExZTYtOGY4OC0zNDM2M2JjN2M0YzAiOnsiY3JlYXRlIjo2MDAwMDAwMDAwMDAsImRlbGV0ZSI6MTIwMDAwMDAwMDAwMCwicmVhZCI6OTAwMDAwMDAwMDAwLCJ1cGRhdGUiOjYwMDAwMDAwMDAwMH0sInNjaGVtYV92ZXJzaW9uIjoiMSJ9",
          "dependencies": [
            "module.ec2_instance.aws_key_pair.generated_key",
            "module.ec2_instance.tls_private_key.example",
            "module.network.aws_subnet.public",
            "module.network.aws_vpc.main",
            "module.network.data.aws_availability_zones.available",
            "module.security_group.aws_security_group.node_sg"
          ]
        }
      ]
    },
    {
      "module": "module.ec2_instance",
      "mode": "managed",
      "type": "aws_key_pair",
      "name": "generated_key",
      "provider": "provider[\"registry.terraform.io/hashicorp/aws\"]",
      "instances": [
        {
          "schema_version": 1,
          "attributes": {
            "arn": "arn:aws:ec2:us-west-2:618135679567:key-pair/packer-aws-key",
            "fingerprint": "7c:28:52:a6:0f:77:9b:b0:5b:17:c1:37:ad:3a:bb:25",
            "id": "packer-aws-key",
            "key_name": "packer-aws-key",
            "key_name_prefix": "",
            "key_pair_id": "key-0f54002069e48ec38",
            "key_type": "rsa",
            "public_key": "ssh-rsa AAAAB3NzaC1yc2EAAAADAQABAAABAQDTSrKOuzFQGyEQFZSHNpnpVt2z6u9SlRknuyeifpbcPuFMwkamRgnJs19CMhFKAC8egAoObSr6Buw583YNh6AgBWauFlNG7SH6D/cFs8SIXNLUO/bQTKZB3NusvIfbQNl8OVPUwYjxiH8IlUQ9gqBOUMSNBwPmoraGcdMoQZxne7bfjLP1eUENGXDaj2NY8tdocNeVVR7oHrJzpN6Fg3yNzxL3Qoh5xHHtCXwyQPEj8sdAaUCGpykGiF3nytOEupXALjkY31jvxr5GIxW8YLRBLRWDUpZX1XrnTjSIpEP0Zkh0LslDNdG9Srpa68Pc86z+XZQiV6G+7VLgX8Ui6mpx",
            "tags": null,
            "tags_all": {}
          },
          "sensitive_attributes": [],
          "private": "eyJzY2hlbWFfdmVyc2lvbiI6IjEifQ==",
          "dependencies": [
            "module.ec2_instance.tls_private_key.example"
          ]
        }
      ]
    },
    {
      "module": "module.ec2_instance",
      "mode": "managed",
      "type": "local_file",
      "name": "private_key",
      "provider": "provider[\"registry.terraform.io/hashicorp/local\"]",
      "instances": [
        {
          "schema_version": 0,
          "attributes": {
            "content": "-----BEGIN RSA PRIVATE KEY-----\nMIIEpAIBAAKCAQEA00qyjrsxUBshEBWUhzaZ6Vbds+rvUpUZJ7snon6W3D7hTMJG\npkYJybNfQjIRSgAvHoAKDm0q+gbsOfN2DYegIAVmrhZTRu0h+g/3BbPEiFzS1Dv2\n0EymQdzbrLyH20DZfDlT1MGI8Yh/CJVEPYKgTlDEjQcD5qK2hnHTKEGcZ3u234yz\n9XlBDRlw2o9jWPLXaHDXlVUe6B6yc6TehYN8jc8S90KIecRx7Ql8MkDxI/LHQGlA\nhqcpBohd58rThLqVwC45GN9Y78a+RiMVvGC0QS0Vg1KWV9V65040iKRD9GZIdC7J\nQzXRvUq6WuvD3POs/l2UIlehvu1S4F/FIupqcQIDAQABAoIBAQCOnFpMcBhmowj7\n3DT11mqnzdOx/h4uNShXYsDrslmMqnxS3MXmsFsm4oSnHzgAJIOpKG6hMhnRzB5h\nNuw1UZdIRZz6X2Mx+hf2uhPWq3E5QL2kNhzulu2YgsNaoZ1o5Spl6COm9EHEFIb5\nehYnFiWw9l7TeSqu3qAnumf1QeOZC/LGAY62mk6arLsqD3s8b8ZOyDHT4Hc+m0hh\nD62KzUUfUylGlKcMNmnyCci/4WGLlgGphS5IWFlQfiqd+rqeUWIphPSPQPYlrwQJ\nGTxfgf+YDBvDU5H09sU4Yx0D7FuZdZ53WIyjH+1SNkcz1XyxyvUD02PYHiQz39ir\nHmfCUGVpAoGBANlwZWPO8DesUPyWFBTFs6MIJ4BDqomOYSHkyzKmrHEtAk0jcsPi\nkT+VGRg5vhoKWa0hcKRfA59s+0YRnJl5k8dCufr3t0E/JmZj8tuldkXUgatCojix\nQhPQ4FLO9feFezvrzh7gCHr3LUFC3uhIjjN2kezWmUgCX05J90CIms5nAoGBAPjD\nOC9bsUZ21j2eRnjV1LZJ3PlmjqKkz8cYtLWjBz4Ml269cxFEylza681lYgph4qQh\nUOFuzA0hi+rp+i7VRVaR4Iw2QqAeU1xirz2F3qROEUk4sdEbNf4wpOxkK3imbIN7\nPvLBRuqtC+H4/bQIYMJU2jpkMIu0c71uffvySklnAoGBANg5h+m3uHN0fNihGXkK\nnLdL/ZP0NhsyJe9BiLtmuWaWPoqc7JxUquHSj7DiguN8VW7wKQaboYuhIUKtcs+/\n8a+d8DncqjRM6w+45qF7qeCJESVQTucXhkEUXm6adkhdSY3t0PwtBuHY+PzD1cyh\nkh8lErm1MZpFGadNsH1RGriTAoGAInFVLClz6B+4Fhv+AekJZJvhfp6WjSpoolZn\nXubNr+eqZ+jPL8rogebF01CAPJPE/5ilTDE9C2xjpQj0XNummA/mmUNCAk1wmVAI\nl2obo4AzoIG7DQrJdQJjM1/DLRdN2v6Lfq0IFqITDRyec/jc/Msm1ALfPdikVcwg\noWuwoW0CgYBvcJH+QqxzPmkZ/ZmKwe1IGCGww9yiwTwZ6us+xzL0glYQjMOeSgAf\nQM4CFYX4jy1OiV3VKB2X+lPULk8NEmMudWL+GCUgSjHkFxzPKNKeaDYtWBFyjsS9\nNTzsEqjXVigWDbhjb/NutB9P+W4S7XyWxjZILPaBY4HfZMhsV3QSCA==\n-----END RSA PRIVATE KEY-----\n",
            "content_base64": null,
            "content_base64sha256": "yK/p1nzm/0sN0MhG09gF9OYYpnsl0DKtlNKmjS49jWc=",
            "content_base64sha512": "u8oM65bAnnhdPM6PvaSXu5Ck2Algv/2pI4HnCcac3WnHtW/mztWHj3uOmudwxUUsOeq5qqtIXY3owJ1UQtKVwg==",
            "content_md5": "ec1a8429bc271cd2e0bb5abab35e846c",
            "content_sha1": "2fb40ca29f827bb3ecd1bbcd7694627a960b6b9c",
            "content_sha256": "c8afe9d67ce6ff4b0dd0c846d3d805f4e618a67b25d032ad94d2a68d2e3d8d67",
            "content_sha512": "bbca0ceb96c09e785d3cce8fbda497bb90a4d80960bffda92381e709c69cdd69c7b56fe6ced5878f7b8e9ae770c5452c39eab9aaab485d8de8c09d5442d295c2",
            "directory_permission": "0777",
            "file_permission": "0777",
            "filename": "modules/ec2-instance/packer-aws-key.pem",
            "id": "2fb40ca29f827bb3ecd1bbcd7694627a960b6b9c",
            "sensitive_content": null,
            "source": null
          },
          "sensitive_attributes": [
            [
              {
                "type": "get_attr",
                "value": "content"
              }
            ],
            [
              {
                "type": "get_attr",
                "value": "sensitive_content"
              }
            ]
          ],
          "dependencies": [
            "module.ec2_instance.tls_private_key.example"
          ]
        }
      ]
    },
    {
      "module": "module.ec2_instance",
      "mode": "managed",
      "type": "tls_private_key",
      "name": "example",
      "provider": "provider[\"registry.terraform.io/hashicorp/tls\"]",
      "instances": [
        {
          "schema_version": 1,
          "attributes": {
            "algorithm": "RSA",
            "ecdsa_curve": "P224",
            "id": "ae19f2c564298bfaa43047133fd89b6bc5d4e839",
            "private_key_openssh": "-----BEGIN OPENSSH PRIVATE KEY-----\nb3BlbnNzaC1rZXktdjEAAAAABG5vbmUAAAAEbm9uZQAAAAAAAAABAAABFwAAAAdz\nc2gtcnNhAAAAAwEAAQAAAQEA00qyjrsxUBshEBWUhzaZ6Vbds+rvUpUZJ7snon6W\n3D7hTMJGpkYJybNfQjIRSgAvHoAKDm0q+gbsOfN2DYegIAVmrhZTRu0h+g/3BbPE\niFzS1Dv20EymQdzbrLyH20DZfDlT1MGI8Yh/CJVEPYKgTlDEjQcD5qK2hnHTKEGc\nZ3u234yz9XlBDRlw2o9jWPLXaHDXlVUe6B6yc6TehYN8jc8S90KIecRx7Ql8MkDx\nI/LHQGlAhqcpBohd58rThLqVwC45GN9Y78a+RiMVvGC0QS0Vg1KWV9V65040iKRD\n9GZIdC7JQzXRvUq6WuvD3POs/l2UIlehvu1S4F/FIupqcQAAA7gE2QxkBNkMZAAA\nAAdzc2gtcnNhAAABAQDTSrKOuzFQGyEQFZSHNpnpVt2z6u9SlRknuyeifpbcPuFM\nwkamRgnJs19CMhFKAC8egAoObSr6Buw583YNh6AgBWauFlNG7SH6D/cFs8SIXNLU\nO/bQTKZB3NusvIfbQNl8OVPUwYjxiH8IlUQ9gqBOUMSNBwPmoraGcdMoQZxne7bf\njLP1eUENGXDaj2NY8tdocNeVVR7oHrJzpN6Fg3yNzxL3Qoh5xHHtCXwyQPEj8sdA\naUCGpykGiF3nytOEupXALjkY31jvxr5GIxW8YLRBLRWDUpZX1XrnTjSIpEP0Zkh0\nLslDNdG9Srpa68Pc86z+XZQiV6G+7VLgX8Ui6mpxAAAAAwEAAQAAAQEAjpxaTHAY\nZqMI+9w09dZqp83Tsf4eLjUoV2LA67JZjKp8UtzF5rBbJuKEpx84ACSDqShuoTIZ\n0cweYTbsNVGXSEWc+l9jMfoX9roT1qtxOUC9pDYc7pbtmILDWqGdaOUqZegjpvRB\nxBSG+XoWJxYlsPZe03kqrt6gJ7pn9UHjmQvyxgGOtppOmqy7Kg97PG/GTsgx0+B3\nPptIYQ+tis1FH1MpRpSnDDZp8gnIv+Fhi5YBqYUuSFhZUH4qnfq6nlFiKYT0j0D2\nJa8ECRk8X4H/mAwbw1OR9PbFOGMdA+xbmXWed1iMox/tUjZHM9V8scr1A9Nj2B4k\nM9/Yqx5nwlBlaQAAAIBvcJH+QqxzPmkZ/ZmKwe1IGCGww9yiwTwZ6us+xzL0glYQ\njMOeSgAfQM4CFYX4jy1OiV3VKB2X+lPULk8NEmMudWL+GCUgSjHkFxzPKNKeaDYt\nWBFyjsS9NTzsEqjXVigWDbhjb/NutB9P+W4S7XyWxjZILPaBY4HfZMhsV3QSCAAA\nAIEA2XBlY87wN6xQ/JYUFMWzowgngEOqiY5hIeTLMqascS0CTSNyw+KRP5UZGDm+\nGgpZrSFwpF8Dn2z7RhGcmXmTx0K5+ve3QT8mZmPy26V2RdSBq0KiOLFCE9DgUs71\n94V7O+vOHuAIevctQULe6EiOM3aR7NaZSAJfTkn3QIiazmcAAACBAPjDOC9bsUZ2\n1j2eRnjV1LZJ3PlmjqKkz8cYtLWjBz4Ml269cxFEylza681lYgph4qQhUOFuzA0h\ni+rp+i7VRVaR4Iw2QqAeU1xirz2F3qROEUk4sdEbNf4wpOxkK3imbIN7PvLBRuqt\nC+H4/bQIYMJU2jpkMIu0c71uffvySklnAAAAAAEC\n-----END OPENSSH PRIVATE KEY-----\n",
            "private_key_pem": "-----BEGIN RSA PRIVATE KEY-----\nMIIEpAIBAAKCAQEA00qyjrsxUBshEBWUhzaZ6Vbds+rvUpUZJ7snon6W3D7hTMJG\npkYJybNfQjIRSgAvHoAKDm0q+gbsOfN2DYegIAVmrhZTRu0h+g/3BbPEiFzS1Dv2\n0EymQdzbrLyH20DZfDlT1MGI8Yh/CJVEPYKgTlDEjQcD5qK2hnHTKEGcZ3u234yz\n9XlBDRlw2o9jWPLXaHDXlVUe6B6yc6TehYN8jc8S90KIecRx7Ql8MkDxI/LHQGlA\nhqcpBohd58rThLqVwC45GN9Y78a+RiMVvGC0QS0Vg1KWV9V65040iKRD9GZIdC7J\nQzXRvUq6WuvD3POs/l2UIlehvu1S4F/FIupqcQIDAQABAoIBAQCOnFpMcBhmowj7\n3DT11mqnzdOx/h4uNShXYsDrslmMqnxS3MXmsFsm4oSnHzgAJIOpKG6hMhnRzB5h\nNuw1UZdIRZz6X2Mx+hf2uhPWq3E5QL2kNhzulu2YgsNaoZ1o5Spl6COm9EHEFIb5\nehYnFiWw9l7TeSqu3qAnumf1QeOZC/LGAY62mk6arLsqD3s8b8ZOyDHT4Hc+m0hh\nD62KzUUfUylGlKcMNmnyCci/4WGLlgGphS5IWFlQfiqd+rqeUWIphPSPQPYlrwQJ\nGTxfgf+YDBvDU5H09sU4Yx0D7FuZdZ53WIyjH+1SNkcz1XyxyvUD02PYHiQz39ir\nHmfCUGVpAoGBANlwZWPO8DesUPyWFBTFs6MIJ4BDqomOYSHkyzKmrHEtAk0jcsPi\nkT+VGRg5vhoKWa0hcKRfA59s+0YRnJl5k8dCufr3t0E/JmZj8tuldkXUgatCojix\nQhPQ4FLO9feFezvrzh7gCHr3LUFC3uhIjjN2kezWmUgCX05J90CIms5nAoGBAPjD\nOC9bsUZ21j2eRnjV1LZJ3PlmjqKkz8cYtLWjBz4Ml269cxFEylza681lYgph4qQh\nUOFuzA0hi+rp+i7VRVaR4Iw2QqAeU1xirz2F3qROEUk4sdEbNf4wpOxkK3imbIN7\nPvLBRuqtC+H4/bQIYMJU2jpkMIu0c71uffvySklnAoGBANg5h+m3uHN0fNihGXkK\nnLdL/ZP0NhsyJe9BiLtmuWaWPoqc7JxUquHSj7DiguN8VW7wKQaboYuhIUKtcs+/\n8a+d8DncqjRM6w+45qF7qeCJESVQTucXhkEUXm6adkhdSY3t0PwtBuHY+PzD1cyh\nkh8lErm1MZpFGadNsH1RGriTAoGAInFVLClz6B+4Fhv+AekJZJvhfp6WjSpoolZn\nXubNr+eqZ+jPL8rogebF01CAPJPE/5ilTDE9C2xjpQj0XNummA/mmUNCAk1wmVAI\nl2obo4AzoIG7DQrJdQJjM1/DLRdN2v6Lfq0IFqITDRyec/jc/Msm1ALfPdikVcwg\noWuwoW0CgYBvcJH+QqxzPmkZ/ZmKwe1IGCGww9yiwTwZ6us+xzL0glYQjMOeSgAf\nQM4CFYX4jy1OiV3VKB2X+lPULk8NEmMudWL+GCUgSjHkFxzPKNKeaDYtWBFyjsS9\nNTzsEqjXVigWDbhjb/NutB9P+W4S7XyWxjZILPaBY4HfZMhsV3QSCA==\n-----END RSA PRIVATE KEY-----\n",
            "private_key_pem_pkcs8": "-----BEGIN PRIVATE KEY-----\nMIIEvgIBADANBgkqhkiG9w0BAQEFAASCBKgwggSkAgEAAoIBAQDTSrKOuzFQGyEQ\nFZSHNpnpVt2z6u9SlRknuyeifpbcPuFMwkamRgnJs19CMhFKAC8egAoObSr6Buw5\n83YNh6AgBWauFlNG7SH6D/cFs8SIXNLUO/bQTKZB3NusvIfbQNl8OVPUwYjxiH8I\nlUQ9gqBOUMSNBwPmoraGcdMoQZxne7bfjLP1eUENGXDaj2NY8tdocNeVVR7oHrJz\npN6Fg3yNzxL3Qoh5xHHtCXwyQPEj8sdAaUCGpykGiF3nytOEupXALjkY31jvxr5G\nIxW8YLRBLRWDUpZX1XrnTjSIpEP0Zkh0LslDNdG9Srpa68Pc86z+XZQiV6G+7VLg\nX8Ui6mpxAgMBAAECggEBAI6cWkxwGGajCPvcNPXWaqfN07H+Hi41KFdiwOuyWYyq\nfFLcxeawWybihKcfOAAkg6kobqEyGdHMHmE27DVRl0hFnPpfYzH6F/a6E9arcTlA\nvaQ2HO6W7ZiCw1qhnWjlKmXoI6b0QcQUhvl6FicWJbD2XtN5Kq7eoCe6Z/VB45kL\n8sYBjraaTpqsuyoPezxvxk7IMdPgdz6bSGEPrYrNRR9TKUaUpww2afIJyL/hYYuW\nAamFLkhYWVB+Kp36up5RYimE9I9A9iWvBAkZPF+B/5gMG8NTkfT2xThjHQPsW5l1\nnndYjKMf7VI2RzPVfLHK9QPTY9geJDPf2KseZ8JQZWkCgYEA2XBlY87wN6xQ/JYU\nFMWzowgngEOqiY5hIeTLMqascS0CTSNyw+KRP5UZGDm+GgpZrSFwpF8Dn2z7RhGc\nmXmTx0K5+ve3QT8mZmPy26V2RdSBq0KiOLFCE9DgUs7194V7O+vOHuAIevctQULe\n6EiOM3aR7NaZSAJfTkn3QIiazmcCgYEA+MM4L1uxRnbWPZ5GeNXUtknc+WaOoqTP\nxxi0taMHPgyXbr1zEUTKXNrrzWViCmHipCFQ4W7MDSGL6un6LtVFVpHgjDZCoB5T\nXGKvPYXepE4RSTix0Rs1/jCk7GQreKZsg3s+8sFG6q0L4fj9tAhgwlTaOmQwi7Rz\nvW59+/JKSWcCgYEA2DmH6be4c3R82KEZeQqct0v9k/Q2GzIl70GIu2a5ZpY+ipzs\nnFSq4dKPsOKC43xVbvApBpuhi6EhQq1yz7/xr53wOdyqNEzrD7jmoXup4IkRJVBO\n5xeGQRRebpp2SF1Jje3Q/C0G4dj4/MPVzKGSHyUSubUxmkUZp02wfVEauJMCgYAi\ncVUsKXPoH7gWG/4B6Qlkm+F+npaNKmiiVmde5s2v56pn6M8vyuiB5sXTUIA8k8T/\nmKVMMT0LbGOlCPRc26aYD+aZQ0ICTXCZUAiXahujgDOggbsNCsl1AmMzX8MtF03a\n/ot+rQgWohMNHJ5z+Nz8yybUAt892KRVzCCha7ChbQKBgG9wkf5CrHM+aRn9mYrB\n7UgYIbDD3KLBPBnq6z7HMvSCVhCMw55KAB9AzgIVhfiPLU6JXdUoHZf6U9QuTw0S\nYy51Yv4YJSBKMeQXHM8o0p5oNi1YEXKOxL01POwSqNdWKBYNuGNv8260H0/5bhLt\nfJbGNkgs9oFjgd9kyGxXdBII\n-----END PRIVATE KEY-----\n",
            "public_key_fingerprint_md5": "ec:41:7d:d2:46:05:fa:c8:4b:e7:36:53:7d:48:a0:08",
            "public_key_fingerprint_sha256": "SHA256:Gd1RkCKgZWDsua19xpj1BHdDngfihitl1HQzSaLC2DA",
            "public_key_openssh": "ssh-rsa AAAAB3NzaC1yc2EAAAADAQABAAABAQDTSrKOuzFQGyEQFZSHNpnpVt2z6u9SlRknuyeifpbcPuFMwkamRgnJs19CMhFKAC8egAoObSr6Buw583YNh6AgBWauFlNG7SH6D/cFs8SIXNLUO/bQTKZB3NusvIfbQNl8OVPUwYjxiH8IlUQ9gqBOUMSNBwPmoraGcdMoQZxne7bfjLP1eUENGXDaj2NY8tdocNeVVR7oHrJzpN6Fg3yNzxL3Qoh5xHHtCXwyQPEj8sdAaUCGpykGiF3nytOEupXALjkY31jvxr5GIxW8YLRBLRWDUpZX1XrnTjSIpEP0Zkh0LslDNdG9Srpa68Pc86z+XZQiV6G+7VLgX8Ui6mpx\n",
            "public_key_pem": "-----BEGIN PUBLIC KEY-----\nMIIBIjANBgkqhkiG9w0BAQEFAAOCAQ8AMIIBCgKCAQEA00qyjrsxUBshEBWUhzaZ\n6Vbds+rvUpUZJ7snon6W3D7hTMJGpkYJybNfQjIRSgAvHoAKDm0q+gbsOfN2DYeg\nIAVmrhZTRu0h+g/3BbPEiFzS1Dv20EymQdzbrLyH20DZfDlT1MGI8Yh/CJVEPYKg\nTlDEjQcD5qK2hnHTKEGcZ3u234yz9XlBDRlw2o9jWPLXaHDXlVUe6B6yc6TehYN8\njc8S90KIecRx7Ql8MkDxI/LHQGlAhqcpBohd58rThLqVwC45GN9Y78a+RiMVvGC0\nQS0Vg1KWV9V65040iKRD9GZIdC7JQzXRvUq6WuvD3POs/l2UIlehvu1S4F/FIupq\ncQIDAQAB\n-----END PUBLIC KEY-----\n",
            "rsa_bits": 2048
          },
          "sensitive_attributes": [
            [
              {
                "type": "get_attr",
                "value": "private_key_pem"
              }
            ],
            [
              {
                "type": "get_attr",
                "value": "private_key_pem_pkcs8"
              }
            ],
            [
              {
                "type": "get_attr",
                "value": "private_key_openssh"
              }
            ]
          ]
        }
      ]
    },
    {
      "module": "module.load_balancer",
      "mode": "managed",
      "type": "aws_lb",
      "name": "main",
      "provider": "provider[\"registry.terraform.io/hashicorp/aws\"]",
      "instances": [
        {
          "schema_version": 0,
          "attributes": {
            "access_logs": [
              {
                "bucket": "",
                "enabled": false,
                "prefix": ""
              }
            ],
            "arn": "arn:aws:elasticloadbalancing:us-west-2:618135679567:loadbalancer/app/mean-lb/eceacc2702374f05",
            "arn_suffix": "app/mean-lb/eceacc2702374f05",
            "client_keep_alive": 3600,
            "connection_logs": [
              {
                "bucket": "",
                "enabled": false,
                "prefix": ""
              }
            ],
            "customer_owned_ipv4_pool": "",
            "desync_mitigation_mode": "defensive",
            "dns_name": "mean-lb-2082257403.us-west-2.elb.amazonaws.com",
            "dns_record_client_routing_policy": null,
            "drop_invalid_header_fields": false,
            "enable_cross_zone_load_balancing": true,
            "enable_deletion_protection": false,
            "enable_http2": true,
            "enable_tls_version_and_cipher_suite_headers": false,
            "enable_waf_fail_open": false,
            "enable_xff_client_port": false,
            "enable_zonal_shift": false,
            "enforce_security_group_inbound_rules_on_private_link_traffic": "",
            "id": "arn:aws:elasticloadbalancing:us-west-2:618135679567:loadbalancer/app/mean-lb/eceacc2702374f05",
            "idle_timeout": 60,
            "internal": false,
            "ip_address_type": "ipv4",
            "load_balancer_type": "application",
            "name": "mean-lb",
            "name_prefix": "",
            "preserve_host_header": false,
            "security_groups": [
              "sg-01eec71be9cc993ba",
              "sg-0d27f306cf89d32bd"
            ],
            "subnet_mapping": [
              {
                "allocation_id": "",
                "ipv6_address": "",
                "outpost_id": "",
                "private_ipv4_address": "",
                "subnet_id": "subnet-0add5d2de99b31b57"
              },
              {
                "allocation_id": "",
                "ipv6_address": "",
                "outpost_id": "",
                "private_ipv4_address": "",
                "subnet_id": "subnet-0b8821b86a9ad35e7"
              }
            ],
            "subnets": [
              "subnet-0add5d2de99b31b57",
              "subnet-0b8821b86a9ad35e7"
            ],
            "tags": {
              "Name": "NodeLoadBalancer"
            },
            "tags_all": {
              "Name": "NodeLoadBalancer"
            },
            "timeouts": null,
            "vpc_id": "vpc-01a773da13c1559bd",
            "xff_header_processing_mode": "append",
            "zone_id": "Z1H1FL5HABSF5"
          },
          "sensitive_attributes": [],
          "private": "eyJlMmJmYjczMC1lY2FhLTExZTYtOGY4OC0zNDM2M2JjN2M0YzAiOnsiY3JlYXRlIjo2MDAwMDAwMDAwMDAsImRlbGV0ZSI6NjAwMDAwMDAwMDAwLCJ1cGRhdGUiOjYwMDAwMDAwMDAwMH19",
          "dependencies": [
            "module.network.aws_subnet.public",
            "module.network.aws_vpc.main",
            "module.network.data.aws_availability_zones.available",
            "module.security_group.aws_security_group.mongo_sg",
            "module.security_group.aws_security_group.node_sg"
          ]
        }
      ]
    },
    {
      "module": "module.load_balancer",
      "mode": "managed",
      "type": "aws_lb_listener",
      "name": "http",
      "provider": "provider[\"registry.terraform.io/hashicorp/aws\"]",
      "instances": [
        {
          "schema_version": 0,
          "attributes": {
            "alpn_policy": null,
            "arn": "arn:aws:elasticloadbalancing:us-west-2:618135679567:listener/app/mean-lb/eceacc2702374f05/5432671dddb33618",
            "certificate_arn": null,
            "default_action": [
              {
                "authenticate_cognito": [],
                "authenticate_oidc": [],
                "fixed_response": [],
                "forward": [],
                "order": 1,
                "redirect": [],
                "target_group_arn": "arn:aws:elasticloadbalancing:us-west-2:618135679567:targetgroup/node-target-group/5caa5a55e41e6849",
                "type": "forward"
              }
            ],
            "id": "arn:aws:elasticloadbalancing:us-west-2:618135679567:listener/app/mean-lb/eceacc2702374f05/5432671dddb33618",
            "load_balancer_arn": "arn:aws:elasticloadbalancing:us-west-2:618135679567:loadbalancer/app/mean-lb/eceacc2702374f05",
            "mutual_authentication": [],
            "port": 80,
            "protocol": "HTTP",
            "routing_http_request_x_amzn_mtls_clientcert_header_name": null,
            "routing_http_request_x_amzn_mtls_clientcert_issuer_header_name": null,
            "routing_http_request_x_amzn_mtls_clientcert_leaf_header_name": null,
            "routing_http_request_x_amzn_mtls_clientcert_serial_number_header_name": null,
            "routing_http_request_x_amzn_mtls_clientcert_subject_header_name": null,
            "routing_http_request_x_amzn_mtls_clientcert_validity_header_name": null,
            "routing_http_request_x_amzn_tls_cipher_suite_header_name": null,
            "routing_http_request_x_amzn_tls_version_header_name": null,
            "routing_http_response_access_control_allow_credentials_header_value": "",
            "routing_http_response_access_control_allow_headers_header_value": "",
            "routing_http_response_access_control_allow_methods_header_value": "",
            "routing_http_response_access_control_allow_origin_header_value": "",
            "routing_http_response_access_control_expose_headers_header_value": "",
            "routing_http_response_access_control_max_age_header_value": "",
            "routing_http_response_content_security_policy_header_value": "",
            "routing_http_response_server_enabled": false,
            "routing_http_response_strict_transport_security_header_value": "",
            "routing_http_response_x_content_type_options_header_value": "",
            "routing_http_response_x_frame_options_header_value": "",
            "ssl_policy": "",
            "tags": null,
            "tags_all": {},
            "tcp_idle_timeout_seconds": null,
            "timeouts": null
          },
          "sensitive_attributes": [],
          "private": "eyJlMmJmYjczMC1lY2FhLTExZTYtOGY4OC0zNDM2M2JjN2M0YzAiOnsiY3JlYXRlIjozMDAwMDAwMDAwMDAsInVwZGF0ZSI6MzAwMDAwMDAwMDAwfX0=",
          "dependencies": [
            "module.load_balancer.aws_lb.main",
            "module.load_balancer.aws_lb_target_group.node",
            "module.network.aws_subnet.public",
            "module.network.aws_vpc.main",
            "module.network.data.aws_availability_zones.available",
            "module.security_group.aws_security_group.mongo_sg",
            "module.security_group.aws_security_group.node_sg"
          ]
        }
      ]
    },
    {
      "module": "module.load_balancer",
      "mode": "managed",
      "type": "aws_lb_target_group",
      "name": "node",
      "provider": "provider[\"registry.terraform.io/hashicorp/aws\"]",
      "instances": [
        {
          "schema_version": 0,
          "attributes": {
            "arn": "arn:aws:elasticloadbalancing:us-west-2:618135679567:targetgroup/node-target-group/5caa5a55e41e6849",
            "arn_suffix": "targetgroup/node-target-group/5caa5a55e41e6849",
            "connection_termination": null,
            "deregistration_delay": "300",
            "health_check": [
              {
                "enabled": true,
                "healthy_threshold": 2,
                "interval": 30,
                "matcher": "200",
                "path": "/",
                "port": "traffic-port",
                "protocol": "HTTP",
                "timeout": 5,
                "unhealthy_threshold": 2
              }
            ],
            "id": "arn:aws:elasticloadbalancing:us-west-2:618135679567:targetgroup/node-target-group/5caa5a55e41e6849",
            "ip_address_type": "ipv4",
            "lambda_multi_value_headers_enabled": false,
            "load_balancer_arns": [],
            "load_balancing_algorithm_type": "round_robin",
            "load_balancing_anomaly_mitigation": "off",
            "load_balancing_cross_zone_enabled": "use_load_balancer_configuration",
            "name": "node-target-group",
            "name_prefix": "",
            "port": 80,
            "preserve_client_ip": null,
            "protocol": "HTTP",
            "protocol_version": "HTTP1",
            "proxy_protocol_v2": false,
            "slow_start": 0,
            "stickiness": [
              {
                "cookie_duration": 86400,
                "cookie_name": "",
                "enabled": false,
                "type": "lb_cookie"
              }
            ],
            "tags": null,
            "tags_all": {},
            "target_failover": [
              {
                "on_deregistration": null,
                "on_unhealthy": null
              }
            ],
            "target_group_health": [
              {
                "dns_failover": [
                  {
                    "minimum_healthy_targets_count": "1",
                    "minimum_healthy_targets_percentage": "off"
                  }
                ],
                "unhealthy_state_routing": [
                  {
                    "minimum_healthy_targets_count": 1,
                    "minimum_healthy_targets_percentage": "off"
                  }
                ]
              }
            ],
            "target_health_state": [
              {
                "enable_unhealthy_connection_termination": null,
                "unhealthy_draining_interval": null
              }
            ],
            "target_type": "instance",
            "vpc_id": "vpc-01a773da13c1559bd"
          },
          "sensitive_attributes": [],
          "private": "bnVsbA==",
          "dependencies": [
            "module.network.aws_vpc.main"
          ]
        }
      ]
    },
    {
      "module": "module.load_balancer",
      "mode": "managed",
      "type": "aws_lb_target_group_attachment",
      "name": "node",
      "provider": "provider[\"registry.terraform.io/hashicorp/aws\"]",
      "instances": [
        {
          "schema_version": 0,
          "attributes": {
            "availability_zone": null,
            "id": "arn:aws:elasticloadbalancing:us-west-2:618135679567:targetgroup/node-target-group/5caa5a55e41e6849-20250127033316310800000007",
            "port": 80,
            "target_group_arn": "arn:aws:elasticloadbalancing:us-west-2:618135679567:targetgroup/node-target-group/5caa5a55e41e6849",
            "target_id": "i-04e14ddc04f20ce14"
          },
          "sensitive_attributes": [],
          "private": "bnVsbA==",
          "dependencies": [
            "module.ec2_instance.aws_instance.node_instance",
            "module.ec2_instance.aws_key_pair.generated_key",
            "module.ec2_instance.tls_private_key.example",
            "module.load_balancer.aws_lb_target_group.node",
            "module.network.aws_subnet.public",
            "module.network.aws_vpc.main",
            "module.network.data.aws_availability_zones.available",
            "module.security_group.aws_security_group.node_sg"
          ]
        }
      ]
    },
    {
      "module": "module.network",
      "mode": "data",
      "type": "aws_availability_zones",
      "name": "available",
      "provider": "provider[\"registry.terraform.io/hashicorp/aws\"]",
      "instances": [
        {
          "schema_version": 0,
          "attributes": {
            "all_availability_zones": null,
            "exclude_names": null,
            "exclude_zone_ids": null,
            "filter": null,
            "group_names": [
              "us-west-2-zg-1"
            ],
            "id": "us-west-2",
            "names": [
              "us-west-2a",
              "us-west-2b",
              "us-west-2c",
              "us-west-2d"
            ],
            "state": null,
            "timeouts": null,
            "zone_ids": [
              "usw2-az2",
              "usw2-az1",
              "usw2-az3",
              "usw2-az4"
            ]
          },
          "sensitive_attributes": []
        }
      ]
    },
    {
      "module": "module.network",
      "mode": "managed",
      "type": "aws_eip",
      "name": "nat",
      "provider": "provider[\"registry.terraform.io/hashicorp/aws\"]",
      "instances": [
        {
          "schema_version": 0,
          "attributes": {
            "address": null,
            "allocation_id": "eipalloc-09970c6e6d0ba6c4b",
            "arn": "arn:aws:ec2:us-west-2:618135679567:elastic-ip/eipalloc-09970c6e6d0ba6c4b",
            "associate_with_private_ip": null,
            "association_id": "",
            "carrier_ip": "",
            "customer_owned_ip": "",
            "customer_owned_ipv4_pool": "",
            "domain": "vpc",
            "id": "eipalloc-09970c6e6d0ba6c4b",
            "instance": "",
            "ipam_pool_id": null,
            "network_border_group": "us-west-2",
            "network_interface": "",
            "private_dns": null,
            "private_ip": "",
            "ptr_record": "",
            "public_dns": "ec2-54-187-210-161.us-west-2.compute.amazonaws.com",
            "public_ip": "54.187.210.161",
            "public_ipv4_pool": "amazon",
            "tags": {
              "Name": "NatGatewayEIP"
            },
            "tags_all": {
              "Name": "NatGatewayEIP"
            },
            "timeouts": null,
            "vpc": true
          },
          "sensitive_attributes": [],
          "private": "eyJlMmJmYjczMC1lY2FhLTExZTYtOGY4OC0zNDM2M2JjN2M0YzAiOnsiZGVsZXRlIjoxODAwMDAwMDAwMDAsInJlYWQiOjkwMDAwMDAwMDAwMCwidXBkYXRlIjozMDAwMDAwMDAwMDB9fQ=="
        }
      ]
    },
    {
      "module": "module.network",
      "mode": "managed",
      "type": "aws_internet_gateway",
      "name": "igw",
      "provider": "provider[\"registry.terraform.io/hashicorp/aws\"]",
      "instances": [
        {
          "schema_version": 0,
          "attributes": {
            "arn": "arn:aws:ec2:us-west-2:618135679567:internet-gateway/igw-0fc9bfe49c0adf42e",
            "id": "igw-0fc9bfe49c0adf42e",
            "owner_id": "618135679567",
            "tags": {
              "Name": "InternetGateway"
            },
            "tags_all": {
              "Name": "InternetGateway"
            },
            "timeouts": null,
            "vpc_id": "vpc-01a773da13c1559bd"
          },
          "sensitive_attributes": [],
          "private": "eyJlMmJmYjczMC1lY2FhLTExZTYtOGY4OC0zNDM2M2JjN2M0YzAiOnsiY3JlYXRlIjoxMjAwMDAwMDAwMDAwLCJkZWxldGUiOjEyMDAwMDAwMDAwMDAsInVwZGF0ZSI6MTIwMDAwMDAwMDAwMH19",
          "dependencies": [
            "module.network.aws_vpc.main"
          ]
        }
      ]
    },
    {
      "module": "module.network",
      "mode": "managed",
      "type": "aws_nat_gateway",
      "name": "nat",
      "provider": "provider[\"registry.terraform.io/hashicorp/aws\"]",
      "instances": [
        {
          "schema_version": 0,
          "attributes": {
            "allocation_id": "eipalloc-09970c6e6d0ba6c4b",
            "association_id": "eipassoc-04878ec8c9314dee6",
            "connectivity_type": "public",
            "id": "nat-00b574252229b6922",
            "network_interface_id": "eni-0c3de0ccee8186018",
            "private_ip": "10.0.0.176",
            "public_ip": "54.187.210.161",
            "secondary_allocation_ids": null,
            "secondary_private_ip_address_count": 0,
            "secondary_private_ip_addresses": [],
            "subnet_id": "subnet-0b8821b86a9ad35e7",
            "tags": {
              "Name": "NatGateway"
            },
            "tags_all": {
              "Name": "NatGateway"
            },
            "timeouts": null
          },
          "sensitive_attributes": [],
          "private": "eyJlMmJmYjczMC1lY2FhLTExZTYtOGY4OC0zNDM2M2JjN2M0YzAiOnsiY3JlYXRlIjo2MDAwMDAwMDAwMDAsImRlbGV0ZSI6MTgwMDAwMDAwMDAwMCwidXBkYXRlIjo2MDAwMDAwMDAwMDB9fQ==",
          "dependencies": [
            "module.network.aws_eip.nat",
            "module.network.aws_subnet.public",
            "module.network.aws_vpc.main",
            "module.network.data.aws_availability_zones.available"
          ]
        }
      ]
    },
    {
      "module": "module.network",
      "mode": "managed",
      "type": "aws_route_table",
      "name": "private",
      "provider": "provider[\"registry.terraform.io/hashicorp/aws\"]",
      "instances": [
        {
          "schema_version": 0,
          "attributes": {
            "arn": "arn:aws:ec2:us-west-2:618135679567:route-table/rtb-05a9f948a4c08ba96",
            "id": "rtb-05a9f948a4c08ba96",
            "owner_id": "618135679567",
            "propagating_vgws": [],
            "route": [
              {
                "carrier_gateway_id": "",
                "cidr_block": "0.0.0.0/0",
                "core_network_arn": "",
                "destination_prefix_list_id": "",
                "egress_only_gateway_id": "",
                "gateway_id": "nat-00b574252229b6922",
                "ipv6_cidr_block": "",
                "local_gateway_id": "",
                "nat_gateway_id": "",
                "network_interface_id": "",
                "transit_gateway_id": "",
                "vpc_endpoint_id": "",
                "vpc_peering_connection_id": ""
              }
            ],
            "tags": {
              "Name": "PrivateRouteTable"
            },
            "tags_all": {
              "Name": "PrivateRouteTable"
            },
            "timeouts": null,
            "vpc_id": "vpc-01a773da13c1559bd"
          },
          "sensitive_attributes": [],
          "private": "eyJlMmJmYjczMC1lY2FhLTExZTYtOGY4OC0zNDM2M2JjN2M0YzAiOnsiY3JlYXRlIjozMDAwMDAwMDAwMDAsImRlbGV0ZSI6MzAwMDAwMDAwMDAwLCJ1cGRhdGUiOjEyMDAwMDAwMDAwMH19",
          "dependencies": [
            "module.network.aws_eip.nat",
            "module.network.aws_nat_gateway.nat",
            "module.network.aws_subnet.public",
            "module.network.aws_vpc.main",
            "module.network.data.aws_availability_zones.available"
          ]
        }
      ]
    },
    {
      "module": "module.network",
      "mode": "managed",
      "type": "aws_route_table",
      "name": "public",
      "provider": "provider[\"registry.terraform.io/hashicorp/aws\"]",
      "instances": [
        {
          "schema_version": 0,
          "attributes": {
            "arn": "arn:aws:ec2:us-west-2:618135679567:route-table/rtb-078601be1fe74080d",
            "id": "rtb-078601be1fe74080d",
            "owner_id": "618135679567",
            "propagating_vgws": [],
            "route": [
              {
                "carrier_gateway_id": "",
                "cidr_block": "0.0.0.0/0",
                "core_network_arn": "",
                "destination_prefix_list_id": "",
                "egress_only_gateway_id": "",
                "gateway_id": "igw-0fc9bfe49c0adf42e",
                "ipv6_cidr_block": "",
                "local_gateway_id": "",
                "nat_gateway_id": "",
                "network_interface_id": "",
                "transit_gateway_id": "",
                "vpc_endpoint_id": "",
                "vpc_peering_connection_id": ""
              }
            ],
            "tags": {
              "Name": "PublicRouteTable"
            },
            "tags_all": {
              "Name": "PublicRouteTable"
            },
            "timeouts": null,
            "vpc_id": "vpc-01a773da13c1559bd"
          },
          "sensitive_attributes": [],
          "private": "eyJlMmJmYjczMC1lY2FhLTExZTYtOGY4OC0zNDM2M2JjN2M0YzAiOnsiY3JlYXRlIjozMDAwMDAwMDAwMDAsImRlbGV0ZSI6MzAwMDAwMDAwMDAwLCJ1cGRhdGUiOjEyMDAwMDAwMDAwMH19",
          "dependencies": [
            "module.network.aws_internet_gateway.igw",
            "module.network.aws_vpc.main"
          ]
        }
      ]
    },
    {
      "module": "module.network",
      "mode": "managed",
      "type": "aws_route_table_association",
      "name": "private",
      "provider": "provider[\"registry.terraform.io/hashicorp/aws\"]",
      "instances": [
        {
          "index_key": 0,
          "schema_version": 0,
          "attributes": {
            "gateway_id": "",
            "id": "rtbassoc-0aa749589fb45d798",
            "route_table_id": "rtb-05a9f948a4c08ba96",
            "subnet_id": "subnet-008ecfc167bac2457",
            "timeouts": null
          },
          "sensitive_attributes": [],
          "private": "eyJlMmJmYjczMC1lY2FhLTExZTYtOGY4OC0zNDM2M2JjN2M0YzAiOnsiY3JlYXRlIjozMDAwMDAwMDAwMDAsImRlbGV0ZSI6MzAwMDAwMDAwMDAwLCJ1cGRhdGUiOjEyMDAwMDAwMDAwMH19",
          "dependencies": [
            "module.network.aws_eip.nat",
            "module.network.aws_nat_gateway.nat",
            "module.network.aws_route_table.private",
            "module.network.aws_subnet.private",
            "module.network.aws_subnet.public",
            "module.network.aws_vpc.main",
            "module.network.data.aws_availability_zones.available"
          ]
        },
        {
          "index_key": 1,
          "schema_version": 0,
          "attributes": {
            "gateway_id": "",
            "id": "rtbassoc-08562a6c4e6fd218c",
            "route_table_id": "rtb-05a9f948a4c08ba96",
            "subnet_id": "subnet-0be72d4359e48449a",
            "timeouts": null
          },
          "sensitive_attributes": [],
          "private": "eyJlMmJmYjczMC1lY2FhLTExZTYtOGY4OC0zNDM2M2JjN2M0YzAiOnsiY3JlYXRlIjozMDAwMDAwMDAwMDAsImRlbGV0ZSI6MzAwMDAwMDAwMDAwLCJ1cGRhdGUiOjEyMDAwMDAwMDAwMH19",
          "dependencies": [
            "module.network.aws_eip.nat",
            "module.network.aws_nat_gateway.nat",
            "module.network.aws_route_table.private",
            "module.network.aws_subnet.private",
            "module.network.aws_subnet.public",
            "module.network.aws_vpc.main",
            "module.network.data.aws_availability_zones.available"
          ]
        }
      ]
    },
    {
      "module": "module.network",
      "mode": "managed",
      "type": "aws_route_table_association",
      "name": "public",
      "provider": "provider[\"registry.terraform.io/hashicorp/aws\"]",
      "instances": [
        {
          "index_key": 0,
          "schema_version": 0,
          "attributes": {
            "gateway_id": "",
            "id": "rtbassoc-067fe86319bd92017",
            "route_table_id": "rtb-078601be1fe74080d",
            "subnet_id": "subnet-0b8821b86a9ad35e7",
            "timeouts": null
          },
          "sensitive_attributes": [],
          "private": "eyJlMmJmYjczMC1lY2FhLTExZTYtOGY4OC0zNDM2M2JjN2M0YzAiOnsiY3JlYXRlIjozMDAwMDAwMDAwMDAsImRlbGV0ZSI6MzAwMDAwMDAwMDAwLCJ1cGRhdGUiOjEyMDAwMDAwMDAwMH19",
          "dependencies": [
            "module.network.aws_internet_gateway.igw",
            "module.network.aws_route_table.public",
            "module.network.aws_subnet.public",
            "module.network.aws_vpc.main",
            "module.network.data.aws_availability_zones.available"
          ]
        },
        {
          "index_key": 1,
          "schema_version": 0,
          "attributes": {
            "gateway_id": "",
            "id": "rtbassoc-0cdc89189cefd84e8",
            "route_table_id": "rtb-078601be1fe74080d",
            "subnet_id": "subnet-0add5d2de99b31b57",
            "timeouts": null
          },
          "sensitive_attributes": [],
          "private": "eyJlMmJmYjczMC1lY2FhLTExZTYtOGY4OC0zNDM2M2JjN2M0YzAiOnsiY3JlYXRlIjozMDAwMDAwMDAwMDAsImRlbGV0ZSI6MzAwMDAwMDAwMDAwLCJ1cGRhdGUiOjEyMDAwMDAwMDAwMH19",
          "dependencies": [
            "module.network.aws_internet_gateway.igw",
            "module.network.aws_route_table.public",
            "module.network.aws_subnet.public",
            "module.network.aws_vpc.main",
            "module.network.data.aws_availability_zones.available"
          ]
        }
      ]
    },
    {
      "module": "module.network",
      "mode": "managed",
      "type": "aws_subnet",
      "name": "private",
      "provider": "provider[\"registry.terraform.io/hashicorp/aws\"]",
      "instances": [
        {
          "index_key": 0,
          "schema_version": 1,
          "attributes": {
            "arn": "arn:aws:ec2:us-west-2:618135679567:subnet/subnet-008ecfc167bac2457",
            "assign_ipv6_address_on_creation": false,
            "availability_zone": "us-west-2a",
            "availability_zone_id": "usw2-az2",
            "cidr_block": "10.0.2.0/24",
            "customer_owned_ipv4_pool": "",
            "enable_dns64": false,
            "enable_lni_at_device_index": 0,
            "enable_resource_name_dns_a_record_on_launch": false,
            "enable_resource_name_dns_aaaa_record_on_launch": false,
            "id": "subnet-008ecfc167bac2457",
            "ipv6_cidr_block": "",
            "ipv6_cidr_block_association_id": "",
            "ipv6_native": false,
            "map_customer_owned_ip_on_launch": false,
            "map_public_ip_on_launch": false,
            "outpost_arn": "",
            "owner_id": "618135679567",
            "private_dns_hostname_type_on_launch": "ip-name",
            "tags": {
              "Name": "PrivateSubnet-1"
            },
            "tags_all": {
              "Name": "PrivateSubnet-1"
            },
            "timeouts": null,
            "vpc_id": "vpc-01a773da13c1559bd"
          },
          "sensitive_attributes": [],
          "private": "eyJlMmJmYjczMC1lY2FhLTExZTYtOGY4OC0zNDM2M2JjN2M0YzAiOnsiY3JlYXRlIjo2MDAwMDAwMDAwMDAsImRlbGV0ZSI6MTIwMDAwMDAwMDAwMH0sInNjaGVtYV92ZXJzaW9uIjoiMSJ9",
          "dependencies": [
            "module.network.aws_subnet.public",
            "module.network.aws_vpc.main",
            "module.network.data.aws_availability_zones.available"
          ]
        },
        {
          "index_key": 1,
          "schema_version": 1,
          "attributes": {
            "arn": "arn:aws:ec2:us-west-2:618135679567:subnet/subnet-0be72d4359e48449a",
            "assign_ipv6_address_on_creation": false,
            "availability_zone": "us-west-2b",
            "availability_zone_id": "usw2-az1",
            "cidr_block": "10.0.3.0/24",
            "customer_owned_ipv4_pool": "",
            "enable_dns64": false,
            "enable_lni_at_device_index": 0,
            "enable_resource_name_dns_a_record_on_launch": false,
            "enable_resource_name_dns_aaaa_record_on_launch": false,
            "id": "subnet-0be72d4359e48449a",
            "ipv6_cidr_block": "",
            "ipv6_cidr_block_association_id": "",
            "ipv6_native": false,
            "map_customer_owned_ip_on_launch": false,
            "map_public_ip_on_launch": false,
            "outpost_arn": "",
            "owner_id": "618135679567",
            "private_dns_hostname_type_on_launch": "ip-name",
            "tags": {
              "Name": "PrivateSubnet-2"
            },
            "tags_all": {
              "Name": "PrivateSubnet-2"
            },
            "timeouts": null,
            "vpc_id": "vpc-01a773da13c1559bd"
          },
          "sensitive_attributes": [],
          "private": "eyJlMmJmYjczMC1lY2FhLTExZTYtOGY4OC0zNDM2M2JjN2M0YzAiOnsiY3JlYXRlIjo2MDAwMDAwMDAwMDAsImRlbGV0ZSI6MTIwMDAwMDAwMDAwMH0sInNjaGVtYV92ZXJzaW9uIjoiMSJ9",
          "dependencies": [
            "module.network.aws_subnet.public",
            "module.network.aws_vpc.main",
            "module.network.data.aws_availability_zones.available"
          ]
        }
      ]
    },
    {
      "module": "module.network",
      "mode": "managed",
      "type": "aws_subnet",
      "name": "public",
      "provider": "provider[\"registry.terraform.io/hashicorp/aws\"]",
      "instances": [
        {
          "index_key": 0,
          "schema_version": 1,
          "attributes": {
            "arn": "arn:aws:ec2:us-west-2:618135679567:subnet/subnet-0b8821b86a9ad35e7",
            "assign_ipv6_address_on_creation": false,
            "availability_zone": "us-west-2a",
            "availability_zone_id": "usw2-az2",
            "cidr_block": "10.0.0.0/24",
            "customer_owned_ipv4_pool": "",
            "enable_dns64": false,
            "enable_lni_at_device_index": 0,
            "enable_resource_name_dns_a_record_on_launch": false,
            "enable_resource_name_dns_aaaa_record_on_launch": false,
            "id": "subnet-0b8821b86a9ad35e7",
            "ipv6_cidr_block": "",
            "ipv6_cidr_block_association_id": "",
            "ipv6_native": false,
            "map_customer_owned_ip_on_launch": false,
            "map_public_ip_on_launch": true,
            "outpost_arn": "",
            "owner_id": "618135679567",
            "private_dns_hostname_type_on_launch": "ip-name",
            "tags": {
              "Name": "PublicSubnet-1"
            },
            "tags_all": {
              "Name": "PublicSubnet-1"
            },
            "timeouts": null,
            "vpc_id": "vpc-01a773da13c1559bd"
          },
          "sensitive_attributes": [],
          "private": "eyJlMmJmYjczMC1lY2FhLTExZTYtOGY4OC0zNDM2M2JjN2M0YzAiOnsiY3JlYXRlIjo2MDAwMDAwMDAwMDAsImRlbGV0ZSI6MTIwMDAwMDAwMDAwMH0sInNjaGVtYV92ZXJzaW9uIjoiMSJ9",
          "dependencies": [
            "module.network.aws_vpc.main",
            "module.network.data.aws_availability_zones.available"
          ]
        },
        {
          "index_key": 1,
          "schema_version": 1,
          "attributes": {
            "arn": "arn:aws:ec2:us-west-2:618135679567:subnet/subnet-0add5d2de99b31b57",
            "assign_ipv6_address_on_creation": false,
            "availability_zone": "us-west-2b",
            "availability_zone_id": "usw2-az1",
            "cidr_block": "10.0.1.0/24",
            "customer_owned_ipv4_pool": "",
            "enable_dns64": false,
            "enable_lni_at_device_index": 0,
            "enable_resource_name_dns_a_record_on_launch": false,
            "enable_resource_name_dns_aaaa_record_on_launch": false,
            "id": "subnet-0add5d2de99b31b57",
            "ipv6_cidr_block": "",
            "ipv6_cidr_block_association_id": "",
            "ipv6_native": false,
            "map_customer_owned_ip_on_launch": false,
            "map_public_ip_on_launch": true,
            "outpost_arn": "",
            "owner_id": "618135679567",
            "private_dns_hostname_type_on_launch": "ip-name",
            "tags": {
              "Name": "PublicSubnet-2"
            },
            "tags_all": {
              "Name": "PublicSubnet-2"
            },
            "timeouts": null,
            "vpc_id": "vpc-01a773da13c1559bd"
          },
          "sensitive_attributes": [],
          "private": "eyJlMmJmYjczMC1lY2FhLTExZTYtOGY4OC0zNDM2M2JjN2M0YzAiOnsiY3JlYXRlIjo2MDAwMDAwMDAwMDAsImRlbGV0ZSI6MTIwMDAwMDAwMDAwMH0sInNjaGVtYV92ZXJzaW9uIjoiMSJ9",
          "dependencies": [
            "module.network.aws_vpc.main",
            "module.network.data.aws_availability_zones.available"
          ]
        }
      ]
    },
    {
      "module": "module.network",
      "mode": "managed",
      "type": "aws_vpc",
      "name": "main",
      "provider": "provider[\"registry.terraform.io/hashicorp/aws\"]",
      "instances": [
        {
          "schema_version": 1,
          "attributes": {
            "arn": "arn:aws:ec2:us-west-2:618135679567:vpc/vpc-01a773da13c1559bd",
            "assign_generated_ipv6_cidr_block": false,
            "cidr_block": "10.0.0.0/16",
            "default_network_acl_id": "acl-0179907114e41b42c",
            "default_route_table_id": "rtb-078c46c2173a63d2b",
            "default_security_group_id": "sg-0beaa43411f5a7ed6",
            "dhcp_options_id": "dopt-011152f62114fe125",
            "enable_dns_hostnames": true,
            "enable_dns_support": true,
            "enable_network_address_usage_metrics": false,
            "id": "vpc-01a773da13c1559bd",
            "instance_tenancy": "default",
            "ipv4_ipam_pool_id": null,
            "ipv4_netmask_length": null,
            "ipv6_association_id": "",
            "ipv6_cidr_block": "",
            "ipv6_cidr_block_network_border_group": "",
            "ipv6_ipam_pool_id": "",
            "ipv6_netmask_length": 0,
            "main_route_table_id": "rtb-078c46c2173a63d2b",
            "owner_id": "618135679567",
            "tags": {
              "Name": "MainVPC"
            },
            "tags_all": {
              "Name": "MainVPC"
            }
          },
          "sensitive_attributes": [],
          "private": "eyJzY2hlbWFfdmVyc2lvbiI6IjEifQ=="
        }
      ]
    },
    {
      "module": "module.security_group",
      "mode": "managed",
      "type": "aws_security_group",
      "name": "mongo_sg",
      "provider": "provider[\"registry.terraform.io/hashicorp/aws\"]",
      "instances": [
        {
          "schema_version": 1,
          "attributes": {
            "arn": "arn:aws:ec2:us-west-2:618135679567:security-group/sg-01eec71be9cc993ba",
            "description": "Security group for MongoDB",
            "egress": [
              {
                "cidr_blocks": [
                  "0.0.0.0/0"
                ],
                "description": "Allow all outbound traffic",
                "from_port": 0,
                "ipv6_cidr_blocks": [],
                "prefix_list_ids": [],
                "protocol": "-1",
                "security_groups": [],
                "self": false,
                "to_port": 0
              }
            ],
            "id": "sg-01eec71be9cc993ba",
            "ingress": [
              {
                "cidr_blocks": [
                  "0.0.0.0/0"
                ],
                "description": "Allow SSH traffic",
                "from_port": 22,
                "ipv6_cidr_blocks": [],
                "prefix_list_ids": [],
                "protocol": "tcp",
                "security_groups": [],
                "self": false,
                "to_port": 22
              },
              {
                "cidr_blocks": [],
                "description": "Allow MongoDB access from Node.js/Nginx instance",
                "from_port": 27017,
                "ipv6_cidr_blocks": [],
                "prefix_list_ids": [],
                "protocol": "tcp",
                "security_groups": [
                  "sg-0d27f306cf89d32bd"
                ],
                "self": false,
                "to_port": 27017
              }
            ],
            "name": "mongo-sg-20250127033252060000000003",
            "name_prefix": "mongo-sg-",
            "owner_id": "618135679567",
            "revoke_rules_on_delete": false,
            "tags": {
              "Name": "mongo-sg"
            },
            "tags_all": {
              "Name": "mongo-sg"
            },
            "timeouts": null,
            "vpc_id": "vpc-01a773da13c1559bd"
          },
          "sensitive_attributes": [],
          "private": "eyJlMmJmYjczMC1lY2FhLTExZTYtOGY4OC0zNDM2M2JjN2M0YzAiOnsiY3JlYXRlIjo2MDAwMDAwMDAwMDAsImRlbGV0ZSI6OTAwMDAwMDAwMDAwfSwic2NoZW1hX3ZlcnNpb24iOiIxIn0=",
          "dependencies": [
            "module.network.aws_vpc.main",
            "module.security_group.aws_security_group.node_sg"
          ]
        }
      ]
    },
    {
      "module": "module.security_group",
      "mode": "managed",
      "type": "aws_security_group",
      "name": "node_sg",
      "provider": "provider[\"registry.terraform.io/hashicorp/aws\"]",
      "instances": [
        {
          "schema_version": 1,
          "attributes": {
            "arn": "arn:aws:ec2:us-west-2:618135679567:security-group/sg-0d27f306cf89d32bd",
            "description": "Security group for Node.js and Nginx",
            "egress": [
              {
                "cidr_blocks": [
                  "0.0.0.0/0"
                ],
                "description": "Allow all outbound traffic",
                "from_port": 0,
                "ipv6_cidr_blocks": [],
                "prefix_list_ids": [],
                "protocol": "-1",
                "security_groups": [],
                "self": false,
                "to_port": 0
              }
            ],
            "id": "sg-0d27f306cf89d32bd",
            "ingress": [
              {
                "cidr_blocks": [
                  "0.0.0.0/0"
                ],
                "description": "Allow HTTP traffic",
                "from_port": 80,
                "ipv6_cidr_blocks": [],
                "prefix_list_ids": [],
                "protocol": "tcp",
                "security_groups": [],
                "self": false,
                "to_port": 80
              },
              {
                "cidr_blocks": [
                  "0.0.0.0/0"
                ],
                "description": "Allow HTTPS traffic",
                "from_port": 443,
                "ipv6_cidr_blocks": [],
                "prefix_list_ids": [],
                "protocol": "tcp",
                "security_groups": [],
                "self": false,
                "to_port": 443
              },
              {
                "cidr_blocks": [
                  "0.0.0.0/0"
                ],
                "description": "Allow SSH traffic",
                "from_port": 22,
                "ipv6_cidr_blocks": [],
                "prefix_list_ids": [],
                "protocol": "tcp",
                "security_groups": [],
                "self": false,
                "to_port": 22
              }
            ],
            "name": "node-sg-20250127033247987900000001",
            "name_prefix": "node-sg-",
            "owner_id": "618135679567",
            "revoke_rules_on_delete": false,
            "tags": {
              "Name": "node-sg"
            },
            "tags_all": {
              "Name": "node-sg"
            },
            "timeouts": null,
            "vpc_id": "vpc-01a773da13c1559bd"
          },
          "sensitive_attributes": [],
          "private": "eyJlMmJmYjczMC1lY2FhLTExZTYtOGY4OC0zNDM2M2JjN2M0YzAiOnsiY3JlYXRlIjo2MDAwMDAwMDAwMDAsImRlbGV0ZSI6OTAwMDAwMDAwMDAwfSwic2NoZW1hX3ZlcnNpb24iOiIxIn0=",
          "dependencies": [
            "module.network.aws_vpc.main"
          ]
        }
      ]
    }
  ],
  "check_results": null
}
